
Microsoft Visual Studio Solution File, Format Version 12.00
# Visual Studio Version 17
VisualStudioVersion = 17.0.31903.59
MinimumVisualStudioVersion = 10.0.40219.1
Project("{FAE04EC0-301F-11D3-BF4B-00C04F79EFBC}") = "Net6_VS2022_Example", "Net6_VS2022_Example\Net6_VS2022_Example.csproj", "{B3095D0B-747A-4C23-9B41-0E24C9FCDE1C}"
EndProject
Global
	GlobalSection(SolutionConfigurationPlatforms) = preSolution
		Debug|Any CPU = Debug|Any CPU
		Release|Any CPU = Release|Any CPU
	EndGlobalSection
	GlobalSection(ProjectConfigurationPlatforms) = postSolution
		{B3095D0B-747A-4C23-9B41-0E24C9FCDE1C}.Debug|Any CPU.ActiveCfg = Debug|Any CPU
		{B3095D0B-747A-4C23-9B41-0E24C9FCDE1C}.Debug|Any CPU.Build.0 = Debug|Any CPU
		{B3095D0B-747A-4C23-9B41-0E24C9FCDE1C}.Release|Any CPU.ActiveCfg = Release|Any CPU
		{B3095D0B-747A-4C23-9B41-0E24C9FCDE1C}.Release|Any CPU.Build.0 = Release|Any CPU
	EndGlobalSection
	GlobalSection(SolutionProperties) = preSolution
		HideSolutionNode = FALSE
	EndGlobalSection
	GlobalSection(ExtensibilityGlobals) = postSolution
		SolutionGuid = {13406CCD-1AE6-4237-8364-9963405EDEB3}
	EndGlobalSection
EndGlobal
